
Microsoft Visual Studio Solution File, Format Version 12.00
# Visual Studio Version 17
VisualStudioVersion = 17.5.33424.131
MinimumVisualStudioVersion = 10.0.40219.1
Project("{9A19103F-16F7-4668-BE54-9A1E7A4F7556}") = "Client", "Client\Client.csproj", "{520C78C8-1838-4A22-B024-08C044ADE635}"
EndProject
Project("{9A19103F-16F7-4668-BE54-9A1E7A4F7556}") = "Shared", "Shared\Shared.csproj", "{ABB9A7A2-DB8C-497F-B67E-C522F812117E}"
EndProject
Project("{9A19103F-16F7-4668-BE54-9A1E7A4F7556}") = "Server.Library", "Server\Server.Library.csproj", "{5B5CAC11-D4DE-44EC-9175-0D2BB7A9603C}"
EndProject
Project("{9A19103F-16F7-4668-BE54-9A1E7A4F7556}") = "Server", "Server.MirForms\Server.csproj", "{884D7004-37B4-4C38-AA64-F73BF64E9CB4}"
EndProject
Project("{2150E333-8FDC-42A3-9474-1A3956D46DE8}") = "Notes", "Notes", "{F75359D0-CBBC-49F2-9BB7-3AAC3B4D775F}"
	ProjectSection(SolutionItems) = preProject
		dotnet-upgrade.txt = dotnet-upgrade.txt
		MonsterAttackMethods.txt = MonsterAttackMethods.txt
		MonsterReferenceVideos.txt = MonsterReferenceVideos.txt
		SoundRules.txt = SoundRules.txt
	EndProjectSection
EndProject
Project("{2150E333-8FDC-42A3-9474-1A3956D46DE8}") = "Utils", "Utils", "{02FF090B-782B-49FD-BFEC-E4B50DCFF698}"
EndProject
Project("{9A19103F-16F7-4668-BE54-9A1E7A4F7556}") = "AutoPatcherAdmin", "AutoPatcherAdmin\AutoPatcherAdmin.csproj", "{6312929E-6CD5-48FE-A147-C10C09983A00}"
EndProject
Project("{2150E333-8FDC-42A3-9474-1A3956D46DE8}") = "Controls", "Controls", "{8E10D0C3-2E10-468B-BD77-C717ED6C7754}"
EndProject
Project("{9A19103F-16F7-4668-BE54-9A1E7A4F7556}") = "CustomFormControl", "Controls\FixedListViewControl\CustomFormControl.csproj", "{297E115E-AC0A-48CC-8FD7-059FED59BA73}"
EndProject
Project("{9A19103F-16F7-4668-BE54-9A1E7A4F7556}") = "LibraryEditor", "LibraryEditor\LibraryEditor.csproj", "{A3B8CA9F-5C91-49CB-902D-62A38DF4EF93}"
EndProject
Project("{9A19103F-16F7-4668-BE54-9A1E7A4F7556}") = "LibraryViewer", "LibraryViewer\LibraryViewer.csproj", "{456E4777-5510-49E1-BE8D-C536753964E3}"
EndProject
Global
	GlobalSection(SolutionConfigurationPlatforms) = preSolution
		Debug|Any CPU = Debug|Any CPU
		Release|Any CPU = Release|Any CPU
	EndGlobalSection
	GlobalSection(ProjectConfigurationPlatforms) = postSolution
		{520C78C8-1838-4A22-B024-08C044ADE635}.Debug|Any CPU.ActiveCfg = Debug|Any CPU
		{520C78C8-1838-4A22-B024-08C044ADE635}.Debug|Any CPU.Build.0 = Debug|Any CPU
		{520C78C8-1838-4A22-B024-08C044ADE635}.Release|Any CPU.ActiveCfg = Release|Any CPU
		{520C78C8-1838-4A22-B024-08C044ADE635}.Release|Any CPU.Build.0 = Release|Any CPU
		{ABB9A7A2-DB8C-497F-B67E-C522F812117E}.Debug|Any CPU.ActiveCfg = Debug|Any CPU
		{ABB9A7A2-DB8C-497F-B67E-C522F812117E}.Debug|Any CPU.Build.0 = Debug|Any CPU
		{ABB9A7A2-DB8C-497F-B67E-C522F812117E}.Release|Any CPU.ActiveCfg = Release|Any CPU
		{ABB9A7A2-DB8C-497F-B67E-C522F812117E}.Release|Any CPU.Build.0 = Release|Any CPU
		{5B5CAC11-D4DE-44EC-9175-0D2BB7A9603C}.Debug|Any CPU.ActiveCfg = Debug|Any CPU
		{5B5CAC11-D4DE-44EC-9175-0D2BB7A9603C}.Debug|Any CPU.Build.0 = Debug|Any CPU
		{5B5CAC11-D4DE-44EC-9175-0D2BB7A9603C}.Release|Any CPU.ActiveCfg = Release|Any CPU
		{5B5CAC11-D4DE-44EC-9175-0D2BB7A9603C}.Release|Any CPU.Build.0 = Release|Any CPU
		{884D7004-37B4-4C38-AA64-F73BF64E9CB4}.Debug|Any CPU.ActiveCfg = Debug|Any CPU
		{884D7004-37B4-4C38-AA64-F73BF64E9CB4}.Debug|Any CPU.Build.0 = Debug|Any CPU
		{884D7004-37B4-4C38-AA64-F73BF64E9CB4}.Release|Any CPU.ActiveCfg = Release|Any CPU
		{884D7004-37B4-4C38-AA64-F73BF64E9CB4}.Release|Any CPU.Build.0 = Release|Any CPU
		{6312929E-6CD5-48FE-A147-C10C09983A00}.Debug|Any CPU.ActiveCfg = Debug|Any CPU
		{6312929E-6CD5-48FE-A147-C10C09983A00}.Debug|Any CPU.Build.0 = Debug|Any CPU
		{6312929E-6CD5-48FE-A147-C10C09983A00}.Release|Any CPU.ActiveCfg = Release|Any CPU
		{6312929E-6CD5-48FE-A147-C10C09983A00}.Release|Any CPU.Build.0 = Release|Any CPU
		{297E115E-AC0A-48CC-8FD7-059FED59BA73}.Debug|Any CPU.ActiveCfg = Debug|Any CPU
		{297E115E-AC0A-48CC-8FD7-059FED59BA73}.Debug|Any CPU.Build.0 = Debug|Any CPU
		{297E115E-AC0A-48CC-8FD7-059FED59BA73}.Release|Any CPU.ActiveCfg = Release|Any CPU
		{297E115E-AC0A-48CC-8FD7-059FED59BA73}.Release|Any CPU.Build.0 = Release|Any CPU
		{A3B8CA9F-5C91-49CB-902D-62A38DF4EF93}.Debug|Any CPU.ActiveCfg = Debug|Any CPU
		{A3B8CA9F-5C91-49CB-902D-62A38DF4EF93}.Debug|Any CPU.Build.0 = Debug|Any CPU
		{A3B8CA9F-5C91-49CB-902D-62A38DF4EF93}.Release|Any CPU.ActiveCfg = Release|Any CPU
		{A3B8CA9F-5C91-49CB-902D-62A38DF4EF93}.Release|Any CPU.Build.0 = Release|Any CPU
		{456E4777-5510-49E1-BE8D-C536753964E3}.Debug|Any CPU.ActiveCfg = Debug|Any CPU
		{456E4777-5510-49E1-BE8D-C536753964E3}.Debug|Any CPU.Build.0 = Debug|Any CPU
		{456E4777-5510-49E1-BE8D-C536753964E3}.Release|Any CPU.ActiveCfg = Release|Any CPU
		{456E4777-5510-49E1-BE8D-C536753964E3}.Release|Any CPU.Build.0 = Release|Any CPU
	EndGlobalSection
	GlobalSection(SolutionProperties) = preSolution
		HideSolutionNode = FALSE
	EndGlobalSection
	GlobalSection(NestedProjects) = preSolution
		{6312929E-6CD5-48FE-A147-C10C09983A00} = {02FF090B-782B-49FD-BFEC-E4B50DCFF698}
		{8E10D0C3-2E10-468B-BD77-C717ED6C7754} = {02FF090B-782B-49FD-BFEC-E4B50DCFF698}
		{297E115E-AC0A-48CC-8FD7-059FED59BA73} = {8E10D0C3-2E10-468B-BD77-C717ED6C7754}
		{A3B8CA9F-5C91-49CB-902D-62A38DF4EF93} = {02FF090B-782B-49FD-BFEC-E4B50DCFF698}
		{456E4777-5510-49E1-BE8D-C536753964E3} = {02FF090B-782B-49FD-BFEC-E4B50DCFF698}
	EndGlobalSection
	GlobalSection(ExtensibilityGlobals) = postSolution
		SolutionGuid = {72BECBF0-1873-44F4-AC66-1E923AD0937A}
	EndGlobalSection
EndGlobal
