
Microsoft Visual Studio Solution File, Format Version 12.00
# Visual Studio Express 2012 for Windows Desktop
Project("{FAE04EC0-301F-11D3-BF4B-00C04F79EFBC}") = "CMirLibraryViewer", "CMirLibraryViewer.csproj", "{B495D846-0344-468C-8D2D-6D850E0A9700}"
EndProject
Global
	GlobalSection(SolutionConfigurationPlatforms) = preSolution
		Debug|Any CPU = Debug|Any CPU
		Release|Any CPU = Release|Any CPU
	EndGlobalSection
	GlobalSection(ProjectConfigurationPlatforms) = postSolution
		{B495D846-0344-468C-8D2D-6D850E0A9700}.Debug|Any CPU.ActiveCfg = Debug|Any CPU
		{B495D846-0344-468C-8D2D-6D850E0A9700}.Debug|Any CPU.Build.0 = Debug|Any CPU
		{B495D846-0344-468C-8D2D-6D850E0A9700}.Release|Any CPU.ActiveCfg = Release|Any CPU
		{B495D846-0344-468C-8D2D-6D850E0A9700}.Release|Any CPU.Build.0 = Release|Any CPU
	EndGlobalSection
	GlobalSection(SolutionProperties) = preSolution
		HideSolutionNode = FALSE
	EndGlobalSection
EndGlobal
